
Microsoft Visual Studio Solution File, Format Version 12.00
# Visual Studio 15
Project("{FAE04EC0-301F-11D3-BF4B-00C04F79EFBC}") = "PP", "PP.csproj", "{FB6F4DD1-7DC1-AD8B-6EE4-6A42DA1C6EBE}"
EndProject
Global
	GlobalSection(SolutionConfigurationPlatforms) = preSolution
		Debug|Any CPU = Debug|Any CPU
		Release|Any CPU = Release|Any CPU
	EndGlobalSection
	GlobalSection(ProjectConfigurationPlatforms) = postSolution
		{FB6F4DD1-7DC1-AD8B-6EE4-6A42DA1C6EBE}.Debug|Any CPU.ActiveCfg = Debug|Any CPU
		{FB6F4DD1-7DC1-AD8B-6EE4-6A42DA1C6EBE}.Debug|Any CPU.Build.0 = Debug|Any CPU
		{FB6F4DD1-7DC1-AD8B-6EE4-6A42DA1C6EBE}.Release|Any CPU.ActiveCfg = Release|Any CPU
		{FB6F4DD1-7DC1-AD8B-6EE4-6A42DA1C6EBE}.Release|Any CPU.Build.0 = Release|Any CPU
	EndGlobalSection
	GlobalSection(SolutionProperties) = preSolution
		HideSolutionNode = FALSE
	EndGlobalSection
EndGlobal
